
Microsoft Visual Studio Solution File, Format Version 12.00
# Visual Studio Version 17
VisualStudioVersion = 17.13.35818.85 d17.13
MinimumVisualStudioVersion = 10.0.40219.1
Project("{FAE04EC0-301F-11D3-BF4B-00C04F79EFBC}") = "Modul4_2311104050", "Modul4_2311104050\Modul4_2311104050.csproj", "{841FDE5D-95CB-4566-A39C-091595B3E22B}"
EndProject
Global
	GlobalSection(SolutionConfigurationPlatforms) = preSolution
		Debug|Any CPU = Debug|Any CPU
		Release|Any CPU = Release|Any CPU
	EndGlobalSection
	GlobalSection(ProjectConfigurationPlatforms) = postSolution
		{841FDE5D-95CB-4566-A39C-091595B3E22B}.Debug|Any CPU.ActiveCfg = Debug|Any CPU
		{841FDE5D-95CB-4566-A39C-091595B3E22B}.Debug|Any CPU.Build.0 = Debug|Any CPU
		{841FDE5D-95CB-4566-A39C-091595B3E22B}.Release|Any CPU.ActiveCfg = Release|Any CPU
		{841FDE5D-95CB-4566-A39C-091595B3E22B}.Release|Any CPU.Build.0 = Release|Any CPU
	EndGlobalSection
	GlobalSection(SolutionProperties) = preSolution
		HideSolutionNode = FALSE
	EndGlobalSection
	GlobalSection(ExtensibilityGlobals) = postSolution
		SolutionGuid = {509BF539-7431-4949-BDC6-E6FA4903E3E6}
	EndGlobalSection
EndGlobal
